<?xml version="1.0" encoding="UTF-8"?>
<CodeBlocks_project_file>
	<FileVersion major="1" minor="6"/>
	<Project>
		<Option title="qml-xmr"/>
		<Option makefile_is_custom="1"/>
		<Option compiler="gcc"/>
		<Option virtualFolders="CMake Files\;CMake Files\..\;CMake Files\..\..\;CMake Files\..\..\..\;CMake Files\..\..\..\..\;CMake Files\..\..\..\..\..\;CMake Files\..\..\..\..\..\usr\;CMake Files\..\..\..\..\..\usr\lib\;CMake Files\..\..\..\..\..\usr\lib\x86_64-linux-gnu\;CMake Files\..\..\..\..\..\usr\lib\x86_64-linux-gnu\cmake\;CMake Files\..\..\..\..\..\usr\lib\x86_64-linux-gnu\cmake\Qt5LinguistTools\;CMake Files\..\..\..\..\..\usr\lib\x86_64-linux-gnu\cmake\Qt5Core\;CMake Files\..\..\..\..\..\usr\lib\x86_64-linux-gnu\cmake\Qt5Quick\;CMake Files\..\..\..\..\..\usr\lib\x86_64-linux-gnu\cmake\Qt5Qml\;CMake Files\..\..\..\..\..\usr\lib\x86_64-linux-gnu\cmake\Qt5Network\;CMake Files\..\..\..\..\..\usr\lib\x86_64-linux-gnu\cmake\Qt5Gui\;CMake Files\..\..\..\..\..\usr\lib\x86_64-linux-gnu\cmake\Qt5Widgets\;CMake Files\..\..\..\..\..\usr\lib\x86_64-linux-gnu\cmake\Qt5Xml\;CMake Files\..\..\..\Qt\;CMake Files\..\..\..\Qt\5.7\;CMake Files\..\..\..\Qt\5.7\gcc_64\;CMake Files\..\..\..\Qt\5.7\gcc_64\lib\;CMake Files\..\..\..\Qt\5.7\gcc_64\lib\cmake\;CMake Files\..\..\..\Qt\5.7\gcc_64\lib\cmake\Qt5Svg\;CMake Files\..\..\..\Qt\5.7\gcc_64\lib\cmake\Qt5XmlPatterns\;"/>
		<Build>
			<Target title="all">
				<Option working_dir="/home/dsc/ClionProjects/qml-xmr/qml-xmr"/>
				<Option type="4"/>
				<MakeCommands>
					<Build command="/usr/bin/make -f &quot;/home/dsc/ClionProjects/qml-xmr/qml-xmr/Makefile&quot;  VERBOSE=1 all"/>
					<CompileFile command="/usr/bin/make -f &quot;/home/dsc/ClionProjects/qml-xmr/qml-xmr/Makefile&quot;  VERBOSE=1 &quot;$file&quot;"/>
					<Clean command="/usr/bin/make -f &quot;/home/dsc/ClionProjects/qml-xmr/qml-xmr/Makefile&quot;  VERBOSE=1 clean"/>
					<DistClean command="/usr/bin/make -f &quot;/home/dsc/ClionProjects/qml-xmr/qml-xmr/Makefile&quot;  VERBOSE=1 clean"/>
				</MakeCommands>
			</Target>
			<Target title="install/strip">
				<Option working_dir="/home/dsc/ClionProjects/qml-xmr/qml-xmr"/>
				<Option type="4"/>
				<MakeCommands>
					<Build command="/usr/bin/make -f &quot;/home/dsc/ClionProjects/qml-xmr/qml-xmr/Makefile&quot;  VERBOSE=1 install/strip"/>
					<CompileFile command="/usr/bin/make -f &quot;/home/dsc/ClionProjects/qml-xmr/qml-xmr/Makefile&quot;  VERBOSE=1 &quot;$file&quot;"/>
					<Clean command="/usr/bin/make -f &quot;/home/dsc/ClionProjects/qml-xmr/qml-xmr/Makefile&quot;  VERBOSE=1 clean"/>
					<DistClean command="/usr/bin/make -f &quot;/home/dsc/ClionProjects/qml-xmr/qml-xmr/Makefile&quot;  VERBOSE=1 clean"/>
				</MakeCommands>
			</Target>
			<Target title="install/local">
				<Option working_dir="/home/dsc/ClionProjects/qml-xmr/qml-xmr"/>
				<Option type="4"/>
				<MakeCommands>
					<Build command="/usr/bin/make -f &quot;/home/dsc/ClionProjects/qml-xmr/qml-xmr/Makefile&quot;  VERBOSE=1 install/local"/>
					<CompileFile command="/usr/bin/make -f &quot;/home/dsc/ClionProjects/qml-xmr/qml-xmr/Makefile&quot;  VERBOSE=1 &quot;$file&quot;"/>
					<Clean command="/usr/bin/make -f &quot;/home/dsc/ClionProjects/qml-xmr/qml-xmr/Makefile&quot;  VERBOSE=1 clean"/>
					<DistClean command="/usr/bin/make -f &quot;/home/dsc/ClionProjects/qml-xmr/qml-xmr/Makefile&quot;  VERBOSE=1 clean"/>
				</MakeCommands>
			</Target>
			<Target title="qml-xmr">
				<Option output="/home/dsc/ClionProjects/qml-xmr/qml-xmr/qml-xmr" prefix_auto="0" extension_auto="0"/>
				<Option working_dir="/home/dsc/ClionProjects/qml-xmr/qml-xmr"/>
				<Option object_output="./"/>
				<Option type="1"/>
				<Option compiler="gcc"/>
				<Compiler>
					<Add option="-DQT_WIDGETS_LIB"/>
					<Add option="-DQT_GUI_LIB"/>
					<Add option="-DQT_CORE_LIB"/>
					<Add option="-DQT_SVG_LIB"/>
					<Add option="-DQT_NETWORK_LIB"/>
					<Add option="-DQT_XML_LIB"/>
					<Add option="-DQT_XMLPATTERNS_LIB"/>
					<Add option="-DQT_QML_LIB"/>
					<Add option="-DQT_QUICK_LIB"/>
					<Add directory="/home/dsc/ClionProjects/qml-xmr/qml-xmr"/>
					<Add directory="/home/dsc/ClionProjects/qml-xmr/qml-xmr/qml-xmr_autogen/include"/>
					<Add directory="/usr/include/x86_64-linux-gnu/qt5"/>
					<Add directory="/usr/include/x86_64-linux-gnu/qt5/QtCore"/>
					<Add directory="/usr/lib/x86_64-linux-gnu/qt5/mkspecs/linux-g++-64"/>
					<Add directory="/usr/include/x86_64-linux-gnu/qt5/QtQuick"/>
					<Add directory="/usr/include/x86_64-linux-gnu/qt5/QtQml"/>
					<Add directory="/usr/include/x86_64-linux-gnu/qt5/QtNetwork"/>
					<Add directory="/usr/include/x86_64-linux-gnu/qt5/QtGui"/>
					<Add directory="/usr/include/x86_64-linux-gnu/qt5/QtWidgets"/>
				</Compiler>
				<MakeCommands>
					<Build command="/usr/bin/make -f &quot;/home/dsc/ClionProjects/qml-xmr/qml-xmr/Makefile&quot;  VERBOSE=1 qml-xmr"/>
					<CompileFile command="/usr/bin/make -f &quot;/home/dsc/ClionProjects/qml-xmr/qml-xmr/Makefile&quot;  VERBOSE=1 &quot;$file&quot;"/>
					<Clean command="/usr/bin/make -f &quot;/home/dsc/ClionProjects/qml-xmr/qml-xmr/Makefile&quot;  VERBOSE=1 clean"/>
					<DistClean command="/usr/bin/make -f &quot;/home/dsc/ClionProjects/qml-xmr/qml-xmr/Makefile&quot;  VERBOSE=1 clean"/>
				</MakeCommands>
			</Target>
			<Target title="qml-xmr/fast">
				<Option output="/home/dsc/ClionProjects/qml-xmr/qml-xmr/qml-xmr" prefix_auto="0" extension_auto="0"/>
				<Option working_dir="/home/dsc/ClionProjects/qml-xmr/qml-xmr"/>
				<Option object_output="./"/>
				<Option type="1"/>
				<Option compiler="gcc"/>
				<Compiler>
					<Add option="-DQT_WIDGETS_LIB"/>
					<Add option="-DQT_GUI_LIB"/>
					<Add option="-DQT_CORE_LIB"/>
					<Add option="-DQT_SVG_LIB"/>
					<Add option="-DQT_NETWORK_LIB"/>
					<Add option="-DQT_XML_LIB"/>
					<Add option="-DQT_XMLPATTERNS_LIB"/>
					<Add option="-DQT_QML_LIB"/>
					<Add option="-DQT_QUICK_LIB"/>
					<Add directory="/home/dsc/ClionProjects/qml-xmr/qml-xmr"/>
					<Add directory="/home/dsc/ClionProjects/qml-xmr/qml-xmr/qml-xmr_autogen/include"/>
					<Add directory="/usr/include/x86_64-linux-gnu/qt5"/>
					<Add directory="/usr/include/x86_64-linux-gnu/qt5/QtCore"/>
					<Add directory="/usr/lib/x86_64-linux-gnu/qt5/mkspecs/linux-g++-64"/>
					<Add directory="/usr/include/x86_64-linux-gnu/qt5/QtQuick"/>
					<Add directory="/usr/include/x86_64-linux-gnu/qt5/QtQml"/>
					<Add directory="/usr/include/x86_64-linux-gnu/qt5/QtNetwork"/>
					<Add directory="/usr/include/x86_64-linux-gnu/qt5/QtGui"/>
					<Add directory="/usr/include/x86_64-linux-gnu/qt5/QtWidgets"/>
				</Compiler>
				<MakeCommands>
					<Build command="/usr/bin/make -f &quot;/home/dsc/ClionProjects/qml-xmr/qml-xmr/Makefile&quot;  VERBOSE=1 qml-xmr/fast"/>
					<CompileFile command="/usr/bin/make -f &quot;/home/dsc/ClionProjects/qml-xmr/qml-xmr/Makefile&quot;  VERBOSE=1 &quot;$file&quot;"/>
					<Clean command="/usr/bin/make -f &quot;/home/dsc/ClionProjects/qml-xmr/qml-xmr/Makefile&quot;  VERBOSE=1 clean"/>
					<DistClean command="/usr/bin/make -f &quot;/home/dsc/ClionProjects/qml-xmr/qml-xmr/Makefile&quot;  VERBOSE=1 clean"/>
				</MakeCommands>
			</Target>
			<Target title="edit_cache">
				<Option working_dir="/home/dsc/ClionProjects/qml-xmr/qml-xmr"/>
				<Option type="4"/>
				<MakeCommands>
					<Build command="/usr/bin/make -f &quot;/home/dsc/ClionProjects/qml-xmr/qml-xmr/Makefile&quot;  VERBOSE=1 edit_cache"/>
					<CompileFile command="/usr/bin/make -f &quot;/home/dsc/ClionProjects/qml-xmr/qml-xmr/Makefile&quot;  VERBOSE=1 &quot;$file&quot;"/>
					<Clean command="/usr/bin/make -f &quot;/home/dsc/ClionProjects/qml-xmr/qml-xmr/Makefile&quot;  VERBOSE=1 clean"/>
					<DistClean command="/usr/bin/make -f &quot;/home/dsc/ClionProjects/qml-xmr/qml-xmr/Makefile&quot;  VERBOSE=1 clean"/>
				</MakeCommands>
			</Target>
			<Target title="rebuild_cache">
				<Option working_dir="/home/dsc/ClionProjects/qml-xmr/qml-xmr"/>
				<Option type="4"/>
				<MakeCommands>
					<Build command="/usr/bin/make -f &quot;/home/dsc/ClionProjects/qml-xmr/qml-xmr/Makefile&quot;  VERBOSE=1 rebuild_cache"/>
					<CompileFile command="/usr/bin/make -f &quot;/home/dsc/ClionProjects/qml-xmr/qml-xmr/Makefile&quot;  VERBOSE=1 &quot;$file&quot;"/>
					<Clean command="/usr/bin/make -f &quot;/home/dsc/ClionProjects/qml-xmr/qml-xmr/Makefile&quot;  VERBOSE=1 clean"/>
					<DistClean command="/usr/bin/make -f &quot;/home/dsc/ClionProjects/qml-xmr/qml-xmr/Makefile&quot;  VERBOSE=1 clean"/>
				</MakeCommands>
			</Target>
			<Target title="install">
				<Option working_dir="/home/dsc/ClionProjects/qml-xmr/qml-xmr"/>
				<Option type="4"/>
				<MakeCommands>
					<Build command="/usr/bin/make -f &quot;/home/dsc/ClionProjects/qml-xmr/qml-xmr/Makefile&quot;  VERBOSE=1 install"/>
					<CompileFile command="/usr/bin/make -f &quot;/home/dsc/ClionProjects/qml-xmr/qml-xmr/Makefile&quot;  VERBOSE=1 &quot;$file&quot;"/>
					<Clean command="/usr/bin/make -f &quot;/home/dsc/ClionProjects/qml-xmr/qml-xmr/Makefile&quot;  VERBOSE=1 clean"/>
					<DistClean command="/usr/bin/make -f &quot;/home/dsc/ClionProjects/qml-xmr/qml-xmr/Makefile&quot;  VERBOSE=1 clean"/>
				</MakeCommands>
			</Target>
			<Target title="list_install_components">
				<Option working_dir="/home/dsc/ClionProjects/qml-xmr/qml-xmr"/>
				<Option type="4"/>
				<MakeCommands>
					<Build command="/usr/bin/make -f &quot;/home/dsc/ClionProjects/qml-xmr/qml-xmr/Makefile&quot;  VERBOSE=1 list_install_components"/>
					<CompileFile command="/usr/bin/make -f &quot;/home/dsc/ClionProjects/qml-xmr/qml-xmr/Makefile&quot;  VERBOSE=1 &quot;$file&quot;"/>
					<Clean command="/usr/bin/make -f &quot;/home/dsc/ClionProjects/qml-xmr/qml-xmr/Makefile&quot;  VERBOSE=1 clean"/>
					<DistClean command="/usr/bin/make -f &quot;/home/dsc/ClionProjects/qml-xmr/qml-xmr/Makefile&quot;  VERBOSE=1 clean"/>
				</MakeCommands>
			</Target>
			<Target title="qml-xmr_autogen">
				<Option working_dir="/home/dsc/ClionProjects/qml-xmr/qml-xmr"/>
				<Option type="4"/>
				<MakeCommands>
					<Build command="/usr/bin/make -f &quot;/home/dsc/ClionProjects/qml-xmr/qml-xmr/Makefile&quot;  VERBOSE=1 qml-xmr_autogen"/>
					<CompileFile command="/usr/bin/make -f &quot;/home/dsc/ClionProjects/qml-xmr/qml-xmr/Makefile&quot;  VERBOSE=1 &quot;$file&quot;"/>
					<Clean command="/usr/bin/make -f &quot;/home/dsc/ClionProjects/qml-xmr/qml-xmr/Makefile&quot;  VERBOSE=1 clean"/>
					<DistClean command="/usr/bin/make -f &quot;/home/dsc/ClionProjects/qml-xmr/qml-xmr/Makefile&quot;  VERBOSE=1 clean"/>
				</MakeCommands>
			</Target>
		</Build>
		<Unit filename="/home/dsc/ClionProjects/qml-xmr/qml-xmr/main.cpp">
			<Option target="qml-xmr"/>
		</Unit>
		<Unit filename="/home/dsc/ClionProjects/qml-xmr/qml-xmr/oscursor.cpp">
			<Option target="qml-xmr"/>
		</Unit>
		<Unit filename="/home/dsc/ClionProjects/qml-xmr/qml-xmr/oscursor.h">
			<Option target="qml-xmr"/>
		</Unit>
		<Unit filename="/home/dsc/ClionProjects/qml-xmr/qml-xmr/qml-xmr_autogen/mocs_compilation.cpp">
			<Option target="qml-xmr"/>
		</Unit>
		<Unit filename="/home/dsc/ClionProjects/qml-xmr/qml-xmr/CMakeLists.txt">
			<Option virtualFolder="CMake Files\"/>
		</Unit>
		<Unit filename="/home/dsc/ClionProjects/qml-xmr/qml-xmr/../../../../../usr/lib/x86_64-linux-gnu/cmake/Qt5LinguistTools/Qt5LinguistToolsConfig.cmake">
			<Option virtualFolder="CMake Files\..\..\..\..\..\usr\lib\x86_64-linux-gnu\cmake\Qt5LinguistTools\"/>
		</Unit>
		<Unit filename="/home/dsc/ClionProjects/qml-xmr/qml-xmr/../../../../../usr/lib/x86_64-linux-gnu/cmake/Qt5LinguistTools/Qt5LinguistToolsConfigVersion.cmake">
			<Option virtualFolder="CMake Files\..\..\..\..\..\usr\lib\x86_64-linux-gnu\cmake\Qt5LinguistTools\"/>
		</Unit>
		<Unit filename="/home/dsc/ClionProjects/qml-xmr/qml-xmr/../../../../../usr/lib/x86_64-linux-gnu/cmake/Qt5LinguistTools/Qt5LinguistToolsMacros.cmake">
			<Option virtualFolder="CMake Files\..\..\..\..\..\usr\lib\x86_64-linux-gnu\cmake\Qt5LinguistTools\"/>
		</Unit>
		<Unit filename="/home/dsc/ClionProjects/qml-xmr/qml-xmr/../../../../../usr/lib/x86_64-linux-gnu/cmake/Qt5Core/Qt5CoreConfig.cmake">
			<Option virtualFolder="CMake Files\..\..\..\..\..\usr\lib\x86_64-linux-gnu\cmake\Qt5Core\"/>
		</Unit>
		<Unit filename="/home/dsc/ClionProjects/qml-xmr/qml-xmr/../../../../../usr/lib/x86_64-linux-gnu/cmake/Qt5Core/Qt5CoreConfigExtras.cmake">
			<Option virtualFolder="CMake Files\..\..\..\..\..\usr\lib\x86_64-linux-gnu\cmake\Qt5Core\"/>
		</Unit>
		<Unit filename="/home/dsc/ClionProjects/qml-xmr/qml-xmr/../../../../../usr/lib/x86_64-linux-gnu/cmake/Qt5Core/Qt5CoreConfigExtrasMkspecDir.cmake">
			<Option virtualFolder="CMake Files\..\..\..\..\..\usr\lib\x86_64-linux-gnu\cmake\Qt5Core\"/>
		</Unit>
		<Unit filename="/home/dsc/ClionProjects/qml-xmr/qml-xmr/../../../../../usr/lib/x86_64-linux-gnu/cmake/Qt5Core/Qt5CoreConfigVersion.cmake">
			<Option virtualFolder="CMake Files\..\..\..\..\..\usr\lib\x86_64-linux-gnu\cmake\Qt5Core\"/>
		</Unit>
		<Unit filename="/home/dsc/ClionProjects/qml-xmr/qml-xmr/../../../../../usr/lib/x86_64-linux-gnu/cmake/Qt5Core/Qt5CoreMacros.cmake">
			<Option virtualFolder="CMake Files\..\..\..\..\..\usr\lib\x86_64-linux-gnu\cmake\Qt5Core\"/>
		</Unit>
		<Unit filename="/home/dsc/ClionProjects/qml-xmr/qml-xmr/../../../../../usr/lib/x86_64-linux-gnu/cmake/Qt5Quick/Qt5QuickConfig.cmake">
			<Option virtualFolder="CMake Files\..\..\..\..\..\usr\lib\x86_64-linux-gnu\cmake\Qt5Quick\"/>
		</Unit>
		<Unit filename="/home/dsc/ClionProjects/qml-xmr/qml-xmr/../../../../../usr/lib/x86_64-linux-gnu/cmake/Qt5Quick/Qt5QuickConfigVersion.cmake">
			<Option virtualFolder="CMake Files\..\..\..\..\..\usr\lib\x86_64-linux-gnu\cmake\Qt5Quick\"/>
		</Unit>
		<Unit filename="/home/dsc/ClionProjects/qml-xmr/qml-xmr/../../../../../usr/lib/x86_64-linux-gnu/cmake/Qt5Qml/Qt5QmlConfig.cmake">
			<Option virtualFolder="CMake Files\..\..\..\..\..\usr\lib\x86_64-linux-gnu\cmake\Qt5Qml\"/>
		</Unit>
		<Unit filename="/home/dsc/ClionProjects/qml-xmr/qml-xmr/../../../../../usr/lib/x86_64-linux-gnu/cmake/Qt5Qml/Qt5QmlConfigExtras.cmake">
			<Option virtualFolder="CMake Files\..\..\..\..\..\usr\lib\x86_64-linux-gnu\cmake\Qt5Qml\"/>
		</Unit>
		<Unit filename="/home/dsc/ClionProjects/qml-xmr/qml-xmr/../../../../../usr/lib/x86_64-linux-gnu/cmake/Qt5Qml/Qt5QmlConfigVersion.cmake">
			<Option virtualFolder="CMake Files\..\..\..\..\..\usr\lib\x86_64-linux-gnu\cmake\Qt5Qml\"/>
		</Unit>
		<Unit filename="/home/dsc/ClionProjects/qml-xmr/qml-xmr/../../../../../usr/lib/x86_64-linux-gnu/cmake/Qt5Qml/Qt5Qml_QLocalClientConnectionFactory.cmake">
			<Option virtualFolder="CMake Files\..\..\..\..\..\usr\lib\x86_64-linux-gnu\cmake\Qt5Qml\"/>
		</Unit>
		<Unit filename="/home/dsc/ClionProjects/qml-xmr/qml-xmr/../../../../../usr/lib/x86_64-linux-gnu/cmake/Qt5Qml/Qt5Qml_QQmlDebugServerFactory.cmake">
			<Option virtualFolder="CMake Files\..\..\..\..\..\usr\lib\x86_64-linux-gnu\cmake\Qt5Qml\"/>
		</Unit>
		<Unit filename="/home/dsc/ClionProjects/qml-xmr/qml-xmr/../../../../../usr/lib/x86_64-linux-gnu/cmake/Qt5Qml/Qt5Qml_QQmlDebuggerServiceFactory.cmake">
			<Option virtualFolder="CMake Files\..\..\..\..\..\usr\lib\x86_64-linux-gnu\cmake\Qt5Qml\"/>
		</Unit>
		<Unit filename="/home/dsc/ClionProjects/qml-xmr/qml-xmr/../../../../../usr/lib/x86_64-linux-gnu/cmake/Qt5Qml/Qt5Qml_QQmlInspectorServiceFactory.cmake">
			<Option virtualFolder="CMake Files\..\..\..\..\..\usr\lib\x86_64-linux-gnu\cmake\Qt5Qml\"/>
		</Unit>
		<Unit filename="/home/dsc/ClionProjects/qml-xmr/qml-xmr/../../../../../usr/lib/x86_64-linux-gnu/cmake/Qt5Qml/Qt5Qml_QQmlNativeDebugConnectorFactory.cmake">
			<Option virtualFolder="CMake Files\..\..\..\..\..\usr\lib\x86_64-linux-gnu\cmake\Qt5Qml\"/>
		</Unit>
		<Unit filename="/home/dsc/ClionProjects/qml-xmr/qml-xmr/../../../../../usr/lib/x86_64-linux-gnu/cmake/Qt5Qml/Qt5Qml_QQmlProfilerServiceFactory.cmake">
			<Option virtualFolder="CMake Files\..\..\..\..\..\usr\lib\x86_64-linux-gnu\cmake\Qt5Qml\"/>
		</Unit>
		<Unit filename="/home/dsc/ClionProjects/qml-xmr/qml-xmr/../../../../../usr/lib/x86_64-linux-gnu/cmake/Qt5Qml/Qt5Qml_QQuickProfilerAdapterFactory.cmake">
			<Option virtualFolder="CMake Files\..\..\..\..\..\usr\lib\x86_64-linux-gnu\cmake\Qt5Qml\"/>
		</Unit>
		<Unit filename="/home/dsc/ClionProjects/qml-xmr/qml-xmr/../../../../../usr/lib/x86_64-linux-gnu/cmake/Qt5Qml/Qt5Qml_QTcpServerConnectionFactory.cmake">
			<Option virtualFolder="CMake Files\..\..\..\..\..\usr\lib\x86_64-linux-gnu\cmake\Qt5Qml\"/>
		</Unit>
		<Unit filename="/home/dsc/ClionProjects/qml-xmr/qml-xmr/../../../../../usr/lib/x86_64-linux-gnu/cmake/Qt5Network/Qt5NetworkConfig.cmake">
			<Option virtualFolder="CMake Files\..\..\..\..\..\usr\lib\x86_64-linux-gnu\cmake\Qt5Network\"/>
		</Unit>
		<Unit filename="/home/dsc/ClionProjects/qml-xmr/qml-xmr/../../../../../usr/lib/x86_64-linux-gnu/cmake/Qt5Network/Qt5NetworkConfigVersion.cmake">
			<Option virtualFolder="CMake Files\..\..\..\..\..\usr\lib\x86_64-linux-gnu\cmake\Qt5Network\"/>
		</Unit>
		<Unit filename="/home/dsc/ClionProjects/qml-xmr/qml-xmr/../../../../../usr/lib/x86_64-linux-gnu/cmake/Qt5Gui/Qt5GuiConfig.cmake">
			<Option virtualFolder="CMake Files\..\..\..\..\..\usr\lib\x86_64-linux-gnu\cmake\Qt5Gui\"/>
		</Unit>
		<Unit filename="/home/dsc/ClionProjects/qml-xmr/qml-xmr/../../../../../usr/lib/x86_64-linux-gnu/cmake/Qt5Gui/Qt5GuiConfigExtras.cmake">
			<Option virtualFolder="CMake Files\..\..\..\..\..\usr\lib\x86_64-linux-gnu\cmake\Qt5Gui\"/>
		</Unit>
		<Unit filename="/home/dsc/ClionProjects/qml-xmr/qml-xmr/../../../../../usr/lib/x86_64-linux-gnu/cmake/Qt5Gui/Qt5GuiConfigVersion.cmake">
			<Option virtualFolder="CMake Files\..\..\..\..\..\usr\lib\x86_64-linux-gnu\cmake\Qt5Gui\"/>
		</Unit>
		<Unit filename="/home/dsc/ClionProjects/qml-xmr/qml-xmr/../../../../../usr/lib/x86_64-linux-gnu/cmake/Qt5Widgets/Qt5WidgetsConfig.cmake">
			<Option virtualFolder="CMake Files\..\..\..\..\..\usr\lib\x86_64-linux-gnu\cmake\Qt5Widgets\"/>
		</Unit>
		<Unit filename="/home/dsc/ClionProjects/qml-xmr/qml-xmr/../../../../../usr/lib/x86_64-linux-gnu/cmake/Qt5Widgets/Qt5WidgetsConfigExtras.cmake">
			<Option virtualFolder="CMake Files\..\..\..\..\..\usr\lib\x86_64-linux-gnu\cmake\Qt5Widgets\"/>
		</Unit>
		<Unit filename="/home/dsc/ClionProjects/qml-xmr/qml-xmr/../../../../../usr/lib/x86_64-linux-gnu/cmake/Qt5Widgets/Qt5WidgetsConfigVersion.cmake">
			<Option virtualFolder="CMake Files\..\..\..\..\..\usr\lib\x86_64-linux-gnu\cmake\Qt5Widgets\"/>
		</Unit>
		<Unit filename="/home/dsc/ClionProjects/qml-xmr/qml-xmr/../../../../../usr/lib/x86_64-linux-gnu/cmake/Qt5Widgets/Qt5WidgetsMacros.cmake">
			<Option virtualFolder="CMake Files\..\..\..\..\..\usr\lib\x86_64-linux-gnu\cmake\Qt5Widgets\"/>
		</Unit>
		<Unit filename="/home/dsc/ClionProjects/qml-xmr/qml-xmr/../../../../../usr/lib/x86_64-linux-gnu/cmake/Qt5Xml/Qt5XmlConfig.cmake">
			<Option virtualFolder="CMake Files\..\..\..\..\..\usr\lib\x86_64-linux-gnu\cmake\Qt5Xml\"/>
		</Unit>
		<Unit filename="/home/dsc/ClionProjects/qml-xmr/qml-xmr/../../../../../usr/lib/x86_64-linux-gnu/cmake/Qt5Xml/Qt5XmlConfigVersion.cmake">
			<Option virtualFolder="CMake Files\..\..\..\..\..\usr\lib\x86_64-linux-gnu\cmake\Qt5Xml\"/>
		</Unit>
		<Unit filename="/home/dsc/ClionProjects/qml-xmr/qml-xmr/../../../Qt/5.7/gcc_64/lib/cmake/Qt5Svg/Qt5SvgConfig.cmake">
			<Option virtualFolder="CMake Files\..\..\..\Qt\5.7\gcc_64\lib\cmake\Qt5Svg\"/>
		</Unit>
		<Unit filename="/home/dsc/ClionProjects/qml-xmr/qml-xmr/../../../Qt/5.7/gcc_64/lib/cmake/Qt5Svg/Qt5SvgConfigVersion.cmake">
			<Option virtualFolder="CMake Files\..\..\..\Qt\5.7\gcc_64\lib\cmake\Qt5Svg\"/>
		</Unit>
		<Unit filename="/home/dsc/ClionProjects/qml-xmr/qml-xmr/../../../Qt/5.7/gcc_64/lib/cmake/Qt5Svg/Qt5Svg_QSvgIconPlugin.cmake">
			<Option virtualFolder="CMake Files\..\..\..\Qt\5.7\gcc_64\lib\cmake\Qt5Svg\"/>
		</Unit>
		<Unit filename="/home/dsc/ClionProjects/qml-xmr/qml-xmr/../../../Qt/5.7/gcc_64/lib/cmake/Qt5Svg/Qt5Svg_QSvgPlugin.cmake">
			<Option virtualFolder="CMake Files\..\..\..\Qt\5.7\gcc_64\lib\cmake\Qt5Svg\"/>
		</Unit>
		<Unit filename="/home/dsc/ClionProjects/qml-xmr/qml-xmr/../../../Qt/5.7/gcc_64/lib/cmake/Qt5XmlPatterns/Qt5XmlPatternsConfig.cmake">
			<Option virtualFolder="CMake Files\..\..\..\Qt\5.7\gcc_64\lib\cmake\Qt5XmlPatterns\"/>
		</Unit>
		<Unit filename="/home/dsc/ClionProjects/qml-xmr/qml-xmr/../../../Qt/5.7/gcc_64/lib/cmake/Qt5XmlPatterns/Qt5XmlPatternsConfigVersion.cmake">
			<Option virtualFolder="CMake Files\..\..\..\Qt\5.7\gcc_64\lib\cmake\Qt5XmlPatterns\"/>
		</Unit>
	</Project>
</CodeBlocks_project_file>
